// !$*UTF8*$!
{
	archiveVersion = 1;
	classes = {
	};
	objectVersion = 46;
	objects = {

/* Begin PBXBuildFile section */
		7D274E331ED2817500A211F2 /* timg-4.jpeg in Resources */ = {isa = PBXBuildFile; fileRef = 7D274E321ED2817500A211F2 /* timg-4.jpeg */; };
		7D8DFA251EB03B5C00978690 /* AppDelegate.swift in Sources */ = {isa = PBXBuildFile; fileRef = 7D8DFA241EB03B5C00978690 /* AppDelegate.swift */; };
		7D8DFA271EB03B5C00978690 /* ViewController.swift in Sources */ = {isa = PBXBuildFile; fileRef = 7D8DFA261EB03B5C00978690 /* ViewController.swift */; };
		7D8DFA2A1EB03B5C00978690 /* Main.storyboard in Resources */ = {isa = PBXBuildFile; fileRef = 7D8DFA281EB03B5C00978690 /* Main.storyboard */; };
		7D8DFA2C1EB03B5C00978690 /* Assets.xcassets in Resources */ = {isa = PBXBuildFile; fileRef = 7D8DFA2B1EB03B5C00978690 /* Assets.xcassets */; };
		7D8DFA2F1EB03B5C00978690 /* LaunchScreen.storyboard in Resources */ = {isa = PBXBuildFile; fileRef = 7D8DFA2D1EB03B5C00978690 /* LaunchScreen.storyboard */; };
		7D8DFA3A1EB03B5C00978690 /* ping_pangTests.swift in Sources */ = {isa = PBXBuildFile; fileRef = 7D8DFA391EB03B5C00978690 /* ping_pangTests.swift */; };
		7D8DFA451EB03B5C00978690 /* ping_pangUITests.swift in Sources */ = {isa = PBXBuildFile; fileRef = 7D8DFA441EB03B5C00978690 /* ping_pangUITests.swift */; };
		7D8DFA541EB03BC300978690 /* u=2655443955,2364649892&fm=23&gp=0.jpg in Resources */ = {isa = PBXBuildFile; fileRef = 7D8DFA521EB03BC300978690 /* u=2655443955,2364649892&fm=23&gp=0.jpg */; };
		7D8DFA551EB03BC300978690 /* u=1754477672,3353638985&fm=23&gp=0.jpg in Resources */ = {isa = PBXBuildFile; fileRef = 7D8DFA531EB03BC300978690 /* u=1754477672,3353638985&fm=23&gp=0.jpg */; };
/* End PBXBuildFile section */

/* Begin PBXContainerItemProxy section */
		7D8DFA361EB03B5C00978690 /* PBXContainerItemProxy */ = {
			isa = PBXContainerItemProxy;
			containerPortal = 7D8DFA191EB03B5C00978690 /* Project object */;
			proxyType = 1;
			remoteGlobalIDString = 7D8DFA201EB03B5C00978690;
			remoteInfo = "ping pang";
		};
		7D8DFA411EB03B5C00978690 /* PBXContainerItemProxy */ = {
			isa = PBXContainerItemProxy;
			containerPortal = 7D8DFA191EB03B5C00978690 /* Project object */;
			proxyType = 1;
			remoteGlobalIDString = 7D8DFA201EB03B5C00978690;
			remoteInfo = "ping pang";
		};
/* End PBXContainerItemProxy section */

/* Begin PBXFileReference section */
		7D274E321ED2817500A211F2 /* timg-4.jpeg */ = {isa = PBXFileReference; lastKnownFileType = image.jpeg; name = "timg-4.jpeg"; path = "../../../Downloads/timg-4.jpeg"; sourceTree = "<group>"; };
		7D8DFA211EB03B5C00978690 /* ping pang.app */ = {isa = PBXFileReference; explicitFileType = wrapper.application; includeInIndex = 0; path = "ping pang.app"; sourceTree = BUILT_PRODUCTS_DIR; };
		7D8DFA241EB03B5C00978690 /* AppDelegate.swift */ = {isa = PBXFileReference; lastKnownFileType = sourcecode.swift; path = AppDelegate.swift; sourceTree = "<group>"; };
		7D8DFA261EB03B5C00978690 /* ViewController.swift */ = {isa = PBXFileReference; lastKnownFileType = sourcecode.swift; path = ViewController.swift; sourceTree = "<group>"; };
		7D8DFA291EB03B5C00978690 /* Base */ = {isa = PBXFileReference; lastKnownFileType = file.storyboard; name = Base; path = Base.lproj/Main.storyboard; sourceTree = "<group>"; };
		7D8DFA2B1EB03B5C00978690 /* Assets.xcassets */ = {isa = PBXFileReference; lastKnownFileType = folder.assetcatalog; path = Assets.xcassets; sourceTree = "<group>"; };
		7D8DFA2E1EB03B5C00978690 /* Base */ = {isa = PBXFileReference; lastKnownFileType = file.storyboard; name = Base; path = Base.lproj/LaunchScreen.storyboard; sourceTree = "<group>"; };
		7D8DFA301EB03B5C00978690 /* Info.plist */ = {isa = PBXFileReference; lastKnownFileType = text.plist.xml; path = Info.plist; sourceTree = "<group>"; };
		7D8DFA351EB03B5C00978690 /* ping pangTests.xctest */ = {isa = PBXFileReference; explicitFileType = wrapper.cfbundle; includeInIndex = 0; path = "ping pangTests.xctest"; sourceTree = BUILT_PRODUCTS_DIR; };
		7D8DFA391EB03B5C00978690 /* ping_pangTests.swift */ = {isa = PBXFileReference; lastKnownFileType = sourcecode.swift; path = ping_pangTests.swift; sourceTree = "<group>"; };
		7D8DFA3B1EB03B5C00978690 /* Info.plist */ = {isa = PBXFileReference; lastKnownFileType = text.plist.xml; path = Info.plist; sourceTree = "<group>"; };
		7D8DFA401EB03B5C00978690 /* ping pangUITests.xctest */ = {isa = PBXFileReference; explicitFileType = wrapper.cfbundle; includeInIndex = 0; path = "ping pangUITests.xctest"; sourceTree = BUILT_PRODUCTS_DIR; };
		7D8DFA441EB03B5C00978690 /* ping_pangUITests.swift */ = {isa = PBXFileReference; lastKnownFileType = sourcecode.swift; path = ping_pangUITests.swift; sourceTree = "<group>"; };
		7D8DFA461EB03B5C00978690 /* Info.plist */ = {isa = PBXFileReference; lastKnownFileType = text.plist.xml; path = Info.plist; sourceTree = "<group>"; };
		7D8DFA521EB03BC300978690 /* u=2655443955,2364649892&fm=23&gp=0.jpg */ = {isa = PBXFileReference; lastKnownFileType = image.jpeg; name = "u=2655443955,2364649892&fm=23&gp=0.jpg"; path = "../../../Downloads/u=2655443955,2364649892&fm=23&gp=0.jpg"; sourceTree = "<group>"; };
		7D8DFA531EB03BC300978690 /* u=1754477672,3353638985&fm=23&gp=0.jpg */ = {isa = PBXFileReference; lastKnownFileType = image.jpeg; name = "u=1754477672,3353638985&fm=23&gp=0.jpg"; path = "../../../Downloads/u=1754477672,3353638985&fm=23&gp=0.jpg"; sourceTree = "<group>"; };
/* End PBXFileReference section */

/* Begin PBXFrameworksBuildPhase section */
		7D8DFA1E1EB03B5C00978690 /* Frameworks */ = {
			isa = PBXFrameworksBuildPhase;
			buildActionMask = 2147483647;
			files = (
			);
			runOnlyForDeploymentPostprocessing = 0;
		};
		7D8DFA321EB03B5C00978690 /* Frameworks */ = {
			isa = PBXFrameworksBuildPhase;
			buildActionMask = 2147483647;
			files = (
			);
			runOnlyForDeploymentPostprocessing = 0;
		};
		7D8DFA3D1EB03B5C00978690 /* Frameworks */ = {
			isa = PBXFrameworksBuildPhase;
			buildActionMask = 2147483647;
			files = (
			);
			runOnlyForDeploymentPostprocessing = 0;
		};
/* End PBXFrameworksBuildPhase section */

/* Begin PBXGroup section */
		7D8DFA181EB03B5C00978690 = {
			isa = PBXGroup;
			children = (
				7D8DFA231EB03B5C00978690 /* ping pang */,
				7D8DFA381EB03B5C00978690 /* ping pangTests */,
				7D8DFA431EB03B5C00978690 /* ping pangUITests */,
				7D8DFA221EB03B5C00978690 /* Products */,
			);
			sourceTree = "<group>";
		};
		7D8DFA221EB03B5C00978690 /* Products */ = {
			isa = PBXGroup;
			children = (
				7D8DFA211EB03B5C00978690 /* ping pang.app */,
				7D8DFA351EB03B5C00978690 /* ping pangTests.xctest */,
				7D8DFA401EB03B5C00978690 /* ping pangUITests.xctest */,
			);
			name = Products;
			sourceTree = "<group>";
		};
		7D8DFA231EB03B5C00978690 /* ping pang */ = {
			isa = PBXGroup;
			children = (
				7D274E321ED2817500A211F2 /* timg-4.jpeg */,
				7D8DFA521EB03BC300978690 /* u=2655443955,2364649892&fm=23&gp=0.jpg */,
				7D8DFA531EB03BC300978690 /* u=1754477672,3353638985&fm=23&gp=0.jpg */,
				7D8DFA241EB03B5C00978690 /* AppDelegate.swift */,
				7D8DFA261EB03B5C00978690 /* ViewController.swift */,
				7D8DFA281EB03B5C00978690 /* Main.storyboard */,
				7D8DFA2B1EB03B5C00978690 /* Assets.xcassets */,
				7D8DFA2D1EB03B5C00978690 /* LaunchScreen.storyboard */,
				7D8DFA301EB03B5C00978690 /* Info.plist */,
			);
			path = "ping pang";
			sourceTree = "<group>";
		};
		7D8DFA381EB03B5C00978690 /* ping pangTests */ = {
			isa = PBXGroup;
			children = (
				7D8DFA391EB03B5C00978690 /* ping_pangTests.swift */,
				7D8DFA3B1EB03B5C00978690 /* Info.plist */,
			);
			path = "ping pangTests";
			sourceTree = "<group>";
		};
		7D8DFA431EB03B5C00978690 /* ping pangUITests */ = {
			isa = PBXGroup;
			children = (
				7D8DFA441EB03B5C00978690 /* ping_pangUITests.swift */,
				7D8DFA461EB03B5C00978690 /* Info.plist */,
			);
			path = "ping pangUITests";
			sourceTree = "<group>";
		};
/* End PBXGroup section */

/* Begin PBXNativeTarget section */
		7D8DFA201EB03B5C00978690 /* ping pang */ = {
			isa = PBXNativeTarget;
			buildConfigurationList = 7D8DFA491EB03B5C00978690 /* Build configuration list for PBXNativeTarget "ping pang" */;
			buildPhases = (
				7D8DFA1D1EB03B5C00978690 /* Sources */,
				7D8DFA1E1EB03B5C00978690 /* Frameworks */,
				7D8DFA1F1EB03B5C00978690 /* Resources */,
			);
			buildRules = (
			);
			dependencies = (
			);
			name = "ping pang";
			productName = "ping pang";
			productReference = 7D8DFA211EB03B5C00978690 /* ping pang.app */;
			productType = "com.apple.product-type.application";
		};
		7D8DFA341EB03B5C00978690 /* ping pangTests */ = {
			isa = PBXNativeTarget;
			buildConfigurationList = 7D8DFA4C1EB03B5C00978690 /* Build configuration list for PBXNativeTarget "ping pangTests" */;
			buildPhases = (
				7D8DFA311EB03B5C00978690 /* Sources */,
				7D8DFA321EB03B5C00978690 /* Frameworks */,
				7D8DFA331EB03B5C00978690 /* Resources */,
			);
			buildRules = (
			);
			dependencies = (
				7D8DFA371EB03B5C00978690 /* PBXTargetDependency */,
			);
			name = "ping pangTests";
			productName = "ping pangTests";
			productReference = 7D8DFA351EB03B5C00978690 /* ping pangTests.xctest */;
			productType = "com.apple.product-type.bundle.unit-test";
		};
		7D8DFA3F1EB03B5C00978690 /* ping pangUITests */ = {
			isa = PBXNativeTarget;
			buildConfigurationList = 7D8DFA4F1EB03B5C00978690 /* Build configuration list for PBXNativeTarget "ping pangUITests" */;
			buildPhases = (
				7D8DFA3C1EB03B5C00978690 /* Sources */,
				7D8DFA3D1EB03B5C00978690 /* Frameworks */,
				7D8DFA3E1EB03B5C00978690 /* Resources */,
			);
			buildRules = (
			);
			dependencies = (
				7D8DFA421EB03B5C00978690 /* PBXTargetDependency */,
			);
			name = "ping pangUITests";
			productName = "ping pangUITests";
			productReference = 7D8DFA401EB03B5C00978690 /* ping pangUITests.xctest */;
			productType = "com.apple.product-type.bundle.ui-testing";
		};
/* End PBXNativeTarget section */

/* Begin PBXProject section */
		7D8DFA191EB03B5C00978690 /* Project object */ = {
			isa = PBXProject;
			attributes = {
				LastSwiftUpdateCheck = 0820;
				LastUpgradeCheck = 0820;
				ORGANIZATIONNAME = ltx;
				TargetAttributes = {
					7D8DFA201EB03B5C00978690 = {
						CreatedOnToolsVersion = 8.2.1;
						ProvisioningStyle = Automatic;
					};
					7D8DFA341EB03B5C00978690 = {
						CreatedOnToolsVersion = 8.2.1;
						ProvisioningStyle = Automatic;
						TestTargetID = 7D8DFA201EB03B5C00978690;
					};
					7D8DFA3F1EB03B5C00978690 = {
						CreatedOnToolsVersion = 8.2.1;
						ProvisioningStyle = Automatic;
						TestTargetID = 7D8DFA201EB03B5C00978690;
					};
				};
			};
			buildConfigurationList = 7D8DFA1C1EB03B5C00978690 /* Build configuration list for PBXProject "ping pang" */;
			compatibilityVersion = "Xcode 3.2";
			developmentRegion = English;
			hasScannedForEncodings = 0;
			knownRegions = (
				en,
				Base,
			);
			mainGroup = 7D8DFA181EB03B5C00978690;
			productRefGroup = 7D8DFA221EB03B5C00978690 /* Products */;
			projectDirPath = "";
			projectRoot = "";
			targets = (
				7D8DFA201EB03B5C00978690 /* ping pang */,
				7D8DFA341EB03B5C00978690 /* ping pangTests */,
				7D8DFA3F1EB03B5C00978690 /* ping pangUITests */,
			);
		};
/* End PBXProject section */

/* Begin PBXResourcesBuildPhase section */
		7D8DFA1F1EB03B5C00978690 /* Resources */ = {
			isa = PBXResourcesBuildPhase;
			buildActionMask = 2147483647;
			files = (
				7D8DFA2F1EB03B5C00978690 /* LaunchScreen.storyboard in Resources */,
				7D8DFA541EB03BC300978690 /* u=2655443955,2364649892&fm=23&gp=0.jpg in Resources */,
				7D8DFA2C1EB03B5C00978690 /* Assets.xcassets in Resources */,
				7D8DFA551EB03BC300978690 /* u=1754477672,3353638985&fm=23&gp=0.jpg in Resources */,
				7D8DFA2A1EB03B5C00978690 /* Main.storyboard in Resources */,
				7D274E331ED2817500A211F2 /* timg-4.jpeg in Resources */,
			);
			runOnlyForDeploymentPostprocessing = 0;
		};
		7D8DFA331EB03B5C00978690 /* Resources */ = {
			isa = PBXResourcesBuildPhase;
			buildActionMask = 2147483647;
			files = (
			);
			runOnlyForDeploymentPostprocessing = 0;
		};
		7D8DFA3E1EB03B5C00978690 /* Resources */ = {
			isa = PBXResourcesBuildPhase;
			buildActionMask = 2147483647;
			files = (
			);
			runOnlyForDeploymentPostprocessing = 0;
		};
/* End PBXResourcesBuildPhase section */

/* Begin PBXSourcesBuildPhase section */
		7D8DFA1D1EB03B5C00978690 /* Sources */ = {
			isa = PBXSourcesBuildPhase;
			buildActionMask = 2147483647;
			files = (
				7D8DFA271EB03B5C00978690 /* ViewController.swift in Sources */,
				7D8DFA251EB03B5C00978690 /* AppDelegate.swift in Sources */,
			);
			runOnlyForDeploymentPostprocessing = 0;
		};
		7D8DFA311EB03B5C00978690 /* Sources */ = {
			isa = PBXSourcesBuildPhase;
			buildActionMask = 2147483647;
			files = (
				7D8DFA3A1EB03B5C00978690 /* ping_pangTests.swift in Sources */,
			);
			runOnlyForDeploymentPostprocessing = 0;
		};
		7D8DFA3C1EB03B5C00978690 /* Sources */ = {
			isa = PBXSourcesBuildPhase;
			buildActionMask = 2147483647;
			files = (
				7D8DFA451EB03B5C00978690 /* ping_pangUITests.swift in Sources */,
			);
			runOnlyForDeploymentPostprocessing = 0;
		};
/* End PBXSourcesBuildPhase section */

/* Begin PBXTargetDependency section */
		7D8DFA371EB03B5C00978690 /* PBXTargetDependency */ = {
			isa = PBXTargetDependency;
			target = 7D8DFA201EB03B5C00978690 /* ping pang */;
			targetProxy = 7D8DFA361EB03B5C00978690 /* PBXContainerItemProxy */;
		};
		7D8DFA421EB03B5C00978690 /* PBXTargetDependency */ = {
			isa = PBXTargetDependency;
			target = 7D8DFA201EB03B5C00978690 /* ping pang */;
			targetProxy = 7D8DFA411EB03B5C00978690 /* PBXContainerItemProxy */;
		};
/* End PBXTargetDependency section */

/* Begin PBXVariantGroup section */
		7D8DFA281EB03B5C00978690 /* Main.storyboard */ = {
			isa = PBXVariantGroup;
			children = (
				7D8DFA291EB03B5C00978690 /* Base */,
			);
			name = Main.storyboard;
			sourceTree = "<group>";
		};
		7D8DFA2D1EB03B5C00978690 /* LaunchScreen.storyboard */ = {
			isa = PBXVariantGroup;
			children = (
				7D8DFA2E1EB03B5C00978690 /* Base */,
			);
			name = LaunchScreen.storyboard;
			sourceTree = "<group>";
		};
/* End PBXVariantGroup section */

/* Begin XCBuildConfiguration section */
		7D8DFA471EB03B5C00978690 /* Debug */ = {
			isa = XCBuildConfiguration;
			buildSettings = {
				ALWAYS_SEARCH_USER_PATHS = NO;
				CLANG_ANALYZER_NONNULL = YES;
				CLANG_CXX_LANGUAGE_STANDARD = "gnu++0x";
				CLANG_CXX_LIBRARY = "libc++";
				CLANG_ENABLE_MODULES = YES;
				CLANG_ENABLE_OBJC_ARC = YES;
				CLANG_WARN_BOOL_CONVERSION = YES;
				CLANG_WARN_CONSTANT_CONVERSION = YES;
				CLANG_WARN_DIRECT_OBJC_ISA_USAGE = YES_ERROR;
				CLANG_WARN_DOCUMENTATION_COMMENTS = YES;
				CLANG_WARN_EMPTY_BODY = YES;
				CLANG_WARN_ENUM_CONVERSION = YES;
				CLANG_WARN_INFINITE_RECURSION = YES;
				CLANG_WARN_INT_CONVERSION = YES;
				CLANG_WARN_OBJC_ROOT_CLASS = YES_ERROR;
				CLANG_WARN_SUSPICIOUS_MOVE = YES;
				CLANG_WARN_UNREACHABLE_CODE = YES;
				CLANG_WARN__DUPLICATE_METHOD_MATCH = YES;
				"CODE_SIGN_IDENTITY[sdk=iphoneos*]" = "iPhone Developer";
				COPY_PHASE_STRIP = NO;
				DEBUG_INFORMATION_FORMAT = dwarf;
				ENABLE_STRICT_OBJC_MSGSEND = YES;
				ENABLE_TESTABILITY = YES;
				GCC_C_LANGUAGE_STANDARD = gnu99;
				GCC_DYNAMIC_NO_PIC = NO;
				GCC_NO_COMMON_BLOCKS = YES;
				GCC_OPTIMIZATION_LEVEL = 0;
				GCC_PREPROCESSOR_DEFINITIONS = (
					"DEBUG=1",
					"$(inherited)",
				);
				GCC_WARN_64_TO_32_BIT_CONVERSION = YES;
				GCC_WARN_ABOUT_RETURN_TYPE = YES_ERROR;
				GCC_WARN_UNDECLARED_SELECTOR = YES;
				GCC_WARN_UNINITIALIZED_AUTOS = YES_AGGRESSIVE;
				GCC_WARN_UNUSED_FUNCTION = YES;
				GCC_WARN_UNUSED_VARIABLE = YES;
				IPHONEOS_DEPLOYMENT_TARGET = 10.2;
				MTL_ENABLE_DEBUG_INFO = YES;
				ONLY_ACTIVE_ARCH = YES;
				SDKROOT = iphoneos;
				SWIFT_ACTIVE_COMPILATION_CONDITIONS = DEBUG;
				SWIFT_OPTIMIZATION_LEVEL = "-Onone";
				TARGETED_DEVICE_FAMILY = "1,2";
			};
			name = Debug;
		};
		7D8DFA481EB03B5C00978690 /* Release */ = {
			isa = XCBuildConfiguration;
			buildSettings = {
				ALWAYS_SEARCH_USER_PATHS = NO;
				CLANG_ANALYZER_NONNULL = YES;
				CLANG_CXX_LANGUAGE_STANDARD = "gnu++0x";
				CLANG_CXX_LIBRARY = "libc++";
				CLANG_ENABLE_MODULES = YES;
				CLANG_ENABLE_OBJC_ARC = YES;
				CLANG_WARN_BOOL_CONVERSION = YES;
				CLANG_WARN_CONSTANT_CONVERSION = YES;
				CLANG_WARN_DIRECT_OBJC_ISA_USAGE = YES_ERROR;
				CLANG_WARN_DOCUMENTATION_COMMENTS = YES;
				CLANG_WARN_EMPTY_BODY = YES;
				CLANG_WARN_ENUM_CONVERSION = YES;
				CLANG_WARN_INFINITE_RECURSION = YES;
				CLANG_WARN_INT_CONVERSION = YES;
				CLANG_WARN_OBJC_ROOT_CLASS = YES_ERROR;
				CLANG_WARN_SUSPICIOUS_MOVE = YES;
				CLANG_WARN_UNREACHABLE_CODE = YES;
				CLANG_WARN__DUPLICATE_METHOD_MATCH = YES;
				"CODE_SIGN_IDENTITY[sdk=iphoneos*]" = "iPhone Developer";
				COPY_PHASE_STRIP = NO;
				DEBUG_INFORMATION_FORMAT = "dwarf-with-dsym";
				ENABLE_NS_ASSERTIONS = NO;
				ENABLE_STRICT_OBJC_MSGSEND = YES;
				GCC_C_LANGUAGE_STANDARD = gnu99;
				GCC_NO_COMMON_BLOCKS = YES;
				GCC_WARN_64_TO_32_BIT_CONVERSION = YES;
				GCC_WARN_ABOUT_RETURN_TYPE = YES_ERROR;
				GCC_WARN_UNDECLARED_SELECTOR = YES;
				GCC_WARN_UNINITIALIZED_AUTOS = YES_AGGRESSIVE;
				GCC_WARN_UNUSED_FUNCTION = YES;
				GCC_WARN_UNUSED_VARIABLE = YES;
				IPHONEOS_DEPLOYMENT_TARGET = 10.2;
				MTL_ENABLE_DEBUG_INFO = NO;
				SDKROOT = iphoneos;
				SWIFT_OPTIMIZATION_LEVEL = "-Owholemodule";
				TARGETED_DEVICE_FAMILY = "1,2";
				VALIDATE_PRODUCT = YES;
			};
			name = Release;
		};
		7D8DFA4A1EB03B5C00978690 /* Debug */ = {
			isa = XCBuildConfiguration;
			buildSettings = {
				ASSETCATALOG_COMPILER_APPICON_NAME = AppIcon;
				INFOPLIST_FILE = "ping pang/Info.plist";
				LD_RUNPATH_SEARCH_PATHS = "$(inherited) @executable_path/Frameworks";
				PRODUCT_BUNDLE_IDENTIFIER = "imnu.edu.cn.ping-pang";
				PRODUCT_NAME = "$(TARGET_NAME)";
				SWIFT_VERSION = 3.0;
			};
			name = Debug;
		};
		7D8DFA4B1EB03B5C00978690 /* Release */ = {
			isa = XCBuildConfiguration;
			buildSettings = {
				ASSETCATALOG_COMPILER_APPICON_NAME = AppIcon;
				INFOPLIST_FILE = "ping pang/Info.plist";
				LD_RUNPATH_SEARCH_PATHS = "$(inherited) @executable_path/Frameworks";
				PRODUCT_BUNDLE_IDENTIFIER = "imnu.edu.cn.ping-pang";
				PRODUCT_NAME = "$(TARGET_NAME)";
				SWIFT_VERSION = 3.0;
			};
			name = Release;
		};
		7D8DFA4D1EB03B5C00978690 /* Debug */ = {
			isa = XCBuildConfiguration;
			buildSettings = {
				ALWAYS_EMBED_SWIFT_STANDARD_LIBRARIES = YES;
				BUNDLE_LOADER = "$(TEST_HOST)";
				INFOPLIST_FILE = "ping pangTests/Info.plist";
				LD_RUNPATH_SEARCH_PATHS = "$(inherited) @executable_path/Frameworks @loader_path/Frameworks";
				PRODUCT_BUNDLE_IDENTIFIER = "imnu.edu.cn.ping-pangTests";
				PRODUCT_NAME = "$(TARGET_NAME)";
				SWIFT_VERSION = 3.0;
				TEST_HOST = "$(BUILT_PRODUCTS_DIR)/ping pang.app/ping pang";
			};
			name = Debug;
		};
		7D8DFA4E1EB03B5C00978690 /* Release */ = {
			isa = XCBuildConfiguration;
			buildSettings = {
				ALWAYS_EMBED_SWIFT_STANDARD_LIBRARIES = YES;
				BUNDLE_LOADER = "$(TEST_HOST)";
				INFOPLIST_FILE = "ping pangTests/Info.plist";
				LD_RUNPATH_SEARCH_PATHS = "$(inherited) @executable_path/Frameworks @loader_path/Frameworks";
				PRODUCT_BUNDLE_IDENTIFIER = "imnu.edu.cn.ping-pangTests";
				PRODUCT_NAME = "$(TARGET_NAME)";
				SWIFT_VERSION = 3.0;
				TEST_HOST = "$(BUILT_PRODUCTS_DIR)/ping pang.app/ping pang";
			};
			name = Release;
		};
		7D8DFA501EB03B5C00978690 /* Debug */ = {
			isa = XCBuildConfiguration;
			buildSettings = {
				ALWAYS_EMBED_SWIFT_STANDARD_LIBRARIES = YES;
				INFOPLIST_FILE = "ping pangUITests/Info.plist";
				LD_RUNPATH_SEARCH_PATHS = "$(inherited) @executable_path/Frameworks @loader_path/Frameworks";
				PRODUCT_BUNDLE_IDENTIFIER = "imnu.edu.cn.ping-pangUITests";
				PRODUCT_NAME = "$(TARGET_NAME)";
				SWIFT_VERSION = 3.0;
				TEST_TARGET_NAME = "ping pang";
			};
			name = Debug;
		};
		7D8DFA511EB03B5C00978690 /* Release */ = {
			isa = XCBuildConfiguration;
			buildSettings = {
				ALWAYS_EMBED_SWIFT_STANDARD_LIBRARIES = YES;
				INFOPLIST_FILE = "ping pangUITests/Info.plist";
				LD_RUNPATH_SEARCH_PATHS = "$(inherited) @executable_path/Frameworks @loader_path/Frameworks";
				PRODUCT_BUNDLE_IDENTIFIER = "imnu.edu.cn.ping-pangUITests";
				PRODUCT_NAME = "$(TARGET_NAME)";
				SWIFT_VERSION = 3.0;
				TEST_TARGET_NAME = "ping pang";
			};
			name = Release;
		};
/* End XCBuildConfiguration section */

/* Begin XCConfigurationList section */
		7D8DFA1C1EB03B5C00978690 /* Build configuration list for PBXProject "ping pang" */ = {
			isa = XCConfigurationList;
			buildConfigurations = (
				7D8DFA471EB03B5C00978690 /* Debug */,
				7D8DFA481EB03B5C00978690 /* Release */,
			);
			defaultConfigurationIsVisible = 0;
			defaultConfigurationName = Release;
		};
		7D8DFA491EB03B5C00978690 /* Build configuration list for PBXNativeTarget "ping pang" */ = {
			isa = XCConfigurationList;
			buildConfigurations = (
				7D8DFA4A1EB03B5C00978690 /* Debug */,
				7D8DFA4B1EB03B5C00978690 /* Release */,
			);
			defaultConfigurationIsVisible = 0;
			defaultConfigurationName = Release;
		};
		7D8DFA4C1EB03B5C00978690 /* Build configuration list for PBXNativeTarget "ping pangTests" */ = {
			isa = XCConfigurationList;
			buildConfigurations = (
				7D8DFA4D1EB03B5C00978690 /* Debug */,
				7D8DFA4E1EB03B5C00978690 /* Release */,
			);
			defaultConfigurationIsVisible = 0;
			defaultConfigurationName = Release;
		};
		7D8DFA4F1EB03B5C00978690 /* Build configuration list for PBXNativeTarget "ping pangUITests" */ = {
			isa = XCConfigurationList;
			buildConfigurations = (
				7D8DFA501EB03B5C00978690 /* Debug */,
				7D8DFA511EB03B5C00978690 /* Release */,
			);
			defaultConfigurationIsVisible = 0;
			defaultConfigurationName = Release;
		};
/* End XCConfigurationList section */
	};
	rootObject = 7D8DFA191EB03B5C00978690 /* Project object */;
}
